
Microsoft Visual Studio Solution File, Format Version 12.00
# Visual Studio Version 17
VisualStudioVersion = 17.13.35913.81
MinimumVisualStudioVersion = 10.0.40219.1
Project("{8BC9CEB8-8B4A-11D0-8D11-00A0C91BC942}") = "restless-fortnite", "restless-fortnite\restless-fortnite.vcxproj", "{764DF206-94D7-4755-8A64-6D1058FDA4C6}"
EndProject
Project("{8BC9CEB8-8B4A-11D0-8D11-00A0C91BC942}") = "restless-driver", "restless-driver\restless-driver.vcxproj", "{85683396-19DE-1BF1-A2FC-3CFEDA20D06E}"
EndProject
Global
	GlobalSection(SolutionConfigurationPlatforms) = preSolution
		Debug|x64 = Debug|x64
		Debug|x86 = Debug|x86
		Release|x64 = Release|x64
		Release|x86 = Release|x86
	EndGlobalSection
	GlobalSection(ProjectConfigurationPlatforms) = postSolution
		{764DF206-94D7-4755-8A64-6D1058FDA4C6}.Debug|x64.ActiveCfg = Debug|x64
		{764DF206-94D7-4755-8A64-6D1058FDA4C6}.Debug|x64.Build.0 = Debug|x64
		{764DF206-94D7-4755-8A64-6D1058FDA4C6}.Debug|x86.ActiveCfg = Debug|Win32
		{764DF206-94D7-4755-8A64-6D1058FDA4C6}.Debug|x86.Build.0 = Debug|Win32
		{764DF206-94D7-4755-8A64-6D1058FDA4C6}.Release|x64.ActiveCfg = Release|x64
		{764DF206-94D7-4755-8A64-6D1058FDA4C6}.Release|x64.Build.0 = Release|x64
		{764DF206-94D7-4755-8A64-6D1058FDA4C6}.Release|x86.ActiveCfg = Release|Win32
		{764DF206-94D7-4755-8A64-6D1058FDA4C6}.Release|x86.Build.0 = Release|Win32
		{85683396-19DE-1BF1-A2FC-3CFEDA20D06E}.Debug|x64.ActiveCfg = Debug|x64
		{85683396-19DE-1BF1-A2FC-3CFEDA20D06E}.Debug|x64.Build.0 = Debug|x64
		{85683396-19DE-1BF1-A2FC-3CFEDA20D06E}.Debug|x64.Deploy.0 = Debug|x64
		{85683396-19DE-1BF1-A2FC-3CFEDA20D06E}.Debug|x86.ActiveCfg = Debug|x64
		{85683396-19DE-1BF1-A2FC-3CFEDA20D06E}.Debug|x86.Build.0 = Debug|x64
		{85683396-19DE-1BF1-A2FC-3CFEDA20D06E}.Debug|x86.Deploy.0 = Debug|x64
		{85683396-19DE-1BF1-A2FC-3CFEDA20D06E}.Release|x64.ActiveCfg = Release|x64
		{85683396-19DE-1BF1-A2FC-3CFEDA20D06E}.Release|x64.Build.0 = Release|x64
		{85683396-19DE-1BF1-A2FC-3CFEDA20D06E}.Release|x64.Deploy.0 = Release|x64
		{85683396-19DE-1BF1-A2FC-3CFEDA20D06E}.Release|x86.ActiveCfg = Release|x64
		{85683396-19DE-1BF1-A2FC-3CFEDA20D06E}.Release|x86.Build.0 = Release|x64
		{85683396-19DE-1BF1-A2FC-3CFEDA20D06E}.Release|x86.Deploy.0 = Release|x64
	EndGlobalSection
	GlobalSection(SolutionProperties) = preSolution
		HideSolutionNode = FALSE
	EndGlobalSection
	GlobalSection(ExtensibilityGlobals) = postSolution
		SolutionGuid = {6731D3EC-1F96-46DF-BE09-9C683FD050B5}
	EndGlobalSection
EndGlobal
